PODS:
  - AEXML (4.1.0)
  - Alamofire (4.5.1)

DEPENDENCIES:
  - AEXML (from `https://github.com/tadija/AEXML.git`)
  - Alamofire (from `https://github.com/Alamofire/Alamofire.git`)

EXTERNAL SOURCES:
  AEXML:
    :git: https://github.com/tadija/AEXML.git
  Alamofire:
    :git: https://github.com/Alamofire/Alamofire.git

CHECKOUT OPTIONS:
  AEXML:
    :commit: 2981eccd86a69ea12a7f71a4c6b4d5177c2972a9
    :git: https://github.com/tadija/AEXML.git
  Alamofire:
    :commit: b8995447518fd57af14c88a47f27434a16f60403
    :git: https://github.com/Alamofire/Alamofire.git

SPEC CHECKSUMS:
  AEXML: fd282b96c01b38e97f0e54706d228a50a1abff1a
  Alamofire: 0224236301daac8c6578172706304b66b48236b5

PODFILE CHECKSUM: a5aa94a95f8c1cee7c46348bfbc0ba1bbe4b2fc7

COCOAPODS: 1.3.1
