PODS:
  - AEXML (4.0.0)
  - Alamofire (4.0.0)

DEPENDENCIES:
  - AEXML (from `https://github.com/tadija/AEXML.git`)
  - Alamofire (from `https://github.com/Alamofire/Alamofire.git`)

EXTERNAL SOURCES:
  AEXML:
    :git: https://github.com/tadija/AEXML.git
  Alamofire:
    :git: https://github.com/Alamofire/Alamofire.git

CHECKOUT OPTIONS:
  AEXML:
    :commit: e352536e48d6cccd67b0853ce2d7b2772370496a
    :git: https://github.com/tadija/AEXML.git
  Alamofire:
    :commit: 0ac38d7e312e87aeea608d384e44401f3d8a6b3d
    :git: https://github.com/Alamofire/Alamofire.git

SPEC CHECKSUMS:
  AEXML: 6fc6433aa35bdc15dd8eb8d54eb7aa4520a010eb
  Alamofire: fef59f00388f267e52d9b432aa5d93dc97190f14

PODFILE CHECKSUM: cbb8fb5bea0acb75f752f3138f1de27b691930ff

COCOAPODS: 1.1.0.rc.2
