PODS:
  - AEXML (3.0.0)
  - Alamofire (3.4.1)

DEPENDENCIES:
  - AEXML (from `https://github.com/tadija/AEXML.git`)
  - Alamofire (from `https://github.com/Alamofire/Alamofire.git`)

EXTERNAL SOURCES:
  AEXML:
    :git: https://github.com/tadija/AEXML.git
  Alamofire:
    :git: https://github.com/Alamofire/Alamofire.git

CHECKOUT OPTIONS:
  AEXML:
    :commit: 4e9945f7b76c777e98a61ecb14d62892a709c18e
    :git: https://github.com/tadija/AEXML.git
  Alamofire:
    :commit: 50d57df67276347294d460572d699ecbe9c461be
    :git: https://github.com/Alamofire/Alamofire.git

SPEC CHECKSUMS:
  AEXML: 716fb0a8decba4a3517324a71fee3685b30233d2
  Alamofire: 01a82e2f6c0f860ade35534c8dd88be61bdef40c

PODFILE CHECKSUM: cbb8fb5bea0acb75f752f3138f1de27b691930ff

COCOAPODS: 1.0.1
