// !$*UTF8*$!
{
	archiveVersion = 1;
	classes = {
	};
	objectVersion = 46;
	objects = {

/* Begin PBXBuildFile section */
		3F1780291BC6D8AC00DFDB76 /* Value.swift in Sources */ = {isa = PBXBuildFile; fileRef = 3F1780281BC6D8AC00DFDB76 /* Value.swift */; };
		3F17802B1BC6DC0100DFDB76 /* AEXML+RPC.swift in Sources */ = {isa = PBXBuildFile; fileRef = 3F17802A1BC6DC0100DFDB76 /* AEXML+RPC.swift */; };
		3F93F38E1D61BE74002B4D50 /* XMLRPCError.swift in Sources */ = {isa = PBXBuildFile; fileRef = 3F93F38D1D61BE74002B4D50 /* XMLRPCError.swift */; };
		3F93F3901D61DA92002B4D50 /* ResponseSerializerTests.swift in Sources */ = {isa = PBXBuildFile; fileRef = 3F93F38F1D61DA92002B4D50 /* ResponseSerializerTests.swift */; };
		3F93F3921D61DACE002B4D50 /* testFault.xml in Resources */ = {isa = PBXBuildFile; fileRef = 3F93F3911D61DACE002B4D50 /* testFault.xml */; };
		3F93F3961D620A47002B4D50 /* testFaultStruct.xml in Resources */ = {isa = PBXBuildFile; fileRef = 3F93F3951D620A47002B4D50 /* testFaultStruct.xml */; };
		3F93F3981D620B50002B4D50 /* testParams.xml in Resources */ = {isa = PBXBuildFile; fileRef = 3F93F3971D620B50002B4D50 /* testParams.xml */; };
		3F93F39A1D62103F002B4D50 /* testStructParam.xml in Resources */ = {isa = PBXBuildFile; fileRef = 3F93F3991D62103F002B4D50 /* testStructParam.xml */; };
		3F93F39C1D621163002B4D50 /* testArrayParam.xml in Resources */ = {isa = PBXBuildFile; fileRef = 3F93F39B1D621163002B4D50 /* testArrayParam.xml */; };
		3F93F39E1D62288D002B4D50 /* XMLRPCNode.swift in Sources */ = {isa = PBXBuildFile; fileRef = 3F93F39D1D62288D002B4D50 /* XMLRPCNode.swift */; };
		3F93F3A01D623BFE002B4D50 /* XMLRPCCallTests.swift in Sources */ = {isa = PBXBuildFile; fileRef = 3F93F39F1D623BFE002B4D50 /* XMLRPCCallTests.swift */; };
		3F93F3A21D623C7B002B4D50 /* call.xml in Resources */ = {isa = PBXBuildFile; fileRef = 3F93F3A11D623C7B002B4D50 /* call.xml */; };
		3F93F3A41D624780002B4D50 /* .travis.yml in Resources */ = {isa = PBXBuildFile; fileRef = 3F93F3A31D624780002B4D50 /* .travis.yml */; };
		3FE18B6E1D8DB2110054AD1A /* Alamofire+XML.swift in Sources */ = {isa = PBXBuildFile; fileRef = 3F17802C1BC7008B00DFDB76 /* Alamofire+XML.swift */; };
		3FE18B6F1D8DB4410054AD1A /* Alamofire+XMLRPC.swift in Sources */ = {isa = PBXBuildFile; fileRef = 630682271BC29885005D7BC8 /* Alamofire+XMLRPC.swift */; };
		3FF3D54F1BC81FA300599A37 /* AlamofireXMLRPCTests.swift in Sources */ = {isa = PBXBuildFile; fileRef = 3FF3D54E1BC81FA300599A37 /* AlamofireXMLRPCTests.swift */; };
		3FF3D5511BC81FA300599A37 /* AlamofireXMLRPC.framework in Frameworks */ = {isa = PBXBuildFile; fileRef = 6306821C1BC27C28005D7BC8 /* AlamofireXMLRPC.framework */; };
		630682201BC27C28005D7BC8 /* AlamofireXMLRPC.h in Headers */ = {isa = PBXBuildFile; fileRef = 6306821F1BC27C28005D7BC8 /* AlamofireXMLRPC.h */; settings = {ATTRIBUTES = (Public, ); }; };
		67CF01F64E5D22FCBF7DE484 /* Pods_AlamofireXMLRPC.framework in Frameworks */ = {isa = PBXBuildFile; fileRef = 8EB4BE68C4AC30489CCE89F1 /* Pods_AlamofireXMLRPC.framework */; };
		843298410B716B62E25F1B7A /* Pods_AlamofireXMLRPCTests.framework in Frameworks */ = {isa = PBXBuildFile; fileRef = 6974086A869525ECB87A79F5 /* Pods_AlamofireXMLRPCTests.framework */; };
/* End PBXBuildFile section */

/* Begin PBXContainerItemProxy section */
		3FF3D5521BC81FA300599A37 /* PBXContainerItemProxy */ = {
			isa = PBXContainerItemProxy;
			containerPortal = 630682131BC27C28005D7BC8 /* Project object */;
			proxyType = 1;
			remoteGlobalIDString = 6306821B1BC27C28005D7BC8;
			remoteInfo = AlamofireXMLRPC;
		};
/* End PBXContainerItemProxy section */

/* Begin PBXFileReference section */
		03490A74537FFB87195A71A1 /* Pods-AlamofireXMLRPCTests.release.xcconfig */ = {isa = PBXFileReference; includeInIndex = 1; lastKnownFileType = text.xcconfig; name = "Pods-AlamofireXMLRPCTests.release.xcconfig"; path = "Pods/Target Support Files/Pods-AlamofireXMLRPCTests/Pods-AlamofireXMLRPCTests.release.xcconfig"; sourceTree = "<group>"; };
		3F1780281BC6D8AC00DFDB76 /* Value.swift */ = {isa = PBXFileReference; fileEncoding = 4; lastKnownFileType = sourcecode.swift; path = Value.swift; sourceTree = "<group>"; };
		3F17802A1BC6DC0100DFDB76 /* AEXML+RPC.swift */ = {isa = PBXFileReference; fileEncoding = 4; lastKnownFileType = sourcecode.swift; path = "AEXML+RPC.swift"; sourceTree = "<group>"; };
		3F17802C1BC7008B00DFDB76 /* Alamofire+XML.swift */ = {isa = PBXFileReference; fileEncoding = 4; lastKnownFileType = sourcecode.swift; path = "Alamofire+XML.swift"; sourceTree = "<group>"; };
		3F93F38D1D61BE74002B4D50 /* XMLRPCError.swift */ = {isa = PBXFileReference; fileEncoding = 4; lastKnownFileType = sourcecode.swift; path = XMLRPCError.swift; sourceTree = "<group>"; };
		3F93F38F1D61DA92002B4D50 /* ResponseSerializerTests.swift */ = {isa = PBXFileReference; fileEncoding = 4; lastKnownFileType = sourcecode.swift; path = ResponseSerializerTests.swift; sourceTree = "<group>"; };
		3F93F3911D61DACE002B4D50 /* testFault.xml */ = {isa = PBXFileReference; fileEncoding = 4; lastKnownFileType = text.xml; path = testFault.xml; sourceTree = "<group>"; };
		3F93F3951D620A47002B4D50 /* testFaultStruct.xml */ = {isa = PBXFileReference; fileEncoding = 4; lastKnownFileType = text.xml; path = testFaultStruct.xml; sourceTree = "<group>"; };
		3F93F3971D620B50002B4D50 /* testParams.xml */ = {isa = PBXFileReference; fileEncoding = 4; lastKnownFileType = text.xml; path = testParams.xml; sourceTree = "<group>"; };
		3F93F3991D62103F002B4D50 /* testStructParam.xml */ = {isa = PBXFileReference; fileEncoding = 4; lastKnownFileType = text.xml; path = testStructParam.xml; sourceTree = "<group>"; };
		3F93F39B1D621163002B4D50 /* testArrayParam.xml */ = {isa = PBXFileReference; fileEncoding = 4; lastKnownFileType = text.xml; path = testArrayParam.xml; sourceTree = "<group>"; };
		3F93F39D1D62288D002B4D50 /* XMLRPCNode.swift */ = {isa = PBXFileReference; fileEncoding = 4; lastKnownFileType = sourcecode.swift; path = XMLRPCNode.swift; sourceTree = "<group>"; };
		3F93F39F1D623BFE002B4D50 /* XMLRPCCallTests.swift */ = {isa = PBXFileReference; fileEncoding = 4; lastKnownFileType = sourcecode.swift; path = XMLRPCCallTests.swift; sourceTree = "<group>"; };
		3F93F3A11D623C7B002B4D50 /* call.xml */ = {isa = PBXFileReference; fileEncoding = 4; lastKnownFileType = text.xml; path = call.xml; sourceTree = "<group>"; };
		3F93F3A31D624780002B4D50 /* .travis.yml */ = {isa = PBXFileReference; fileEncoding = 4; lastKnownFileType = text; path = .travis.yml; sourceTree = "<group>"; };
		3FF3D54C1BC81FA300599A37 /* AlamofireXMLRPCTests.xctest */ = {isa = PBXFileReference; explicitFileType = wrapper.cfbundle; includeInIndex = 0; path = AlamofireXMLRPCTests.xctest; sourceTree = BUILT_PRODUCTS_DIR; };
		3FF3D54E1BC81FA300599A37 /* AlamofireXMLRPCTests.swift */ = {isa = PBXFileReference; lastKnownFileType = sourcecode.swift; path = AlamofireXMLRPCTests.swift; sourceTree = "<group>"; };
		3FF3D5501BC81FA300599A37 /* Info.plist */ = {isa = PBXFileReference; lastKnownFileType = text.plist.xml; path = Info.plist; sourceTree = "<group>"; };
		41FE5237411009B80BB9127F /* Pods-AlamofireXMLRPC.release.xcconfig */ = {isa = PBXFileReference; includeInIndex = 1; lastKnownFileType = text.xcconfig; name = "Pods-AlamofireXMLRPC.release.xcconfig"; path = "Pods/Target Support Files/Pods-AlamofireXMLRPC/Pods-AlamofireXMLRPC.release.xcconfig"; sourceTree = "<group>"; };
		5E513F774BDB1750A705D36C /* Pods-AlamofireXMLRPC.debug.xcconfig */ = {isa = PBXFileReference; includeInIndex = 1; lastKnownFileType = text.xcconfig; name = "Pods-AlamofireXMLRPC.debug.xcconfig"; path = "Pods/Target Support Files/Pods-AlamofireXMLRPC/Pods-AlamofireXMLRPC.debug.xcconfig"; sourceTree = "<group>"; };
		6306821C1BC27C28005D7BC8 /* AlamofireXMLRPC.framework */ = {isa = PBXFileReference; explicitFileType = wrapper.framework; includeInIndex = 0; path = AlamofireXMLRPC.framework; sourceTree = BUILT_PRODUCTS_DIR; };
		6306821F1BC27C28005D7BC8 /* AlamofireXMLRPC.h */ = {isa = PBXFileReference; lastKnownFileType = sourcecode.c.h; path = AlamofireXMLRPC.h; sourceTree = "<group>"; };
		630682211BC27C28005D7BC8 /* Info.plist */ = {isa = PBXFileReference; lastKnownFileType = text.plist.xml; path = Info.plist; sourceTree = "<group>"; };
		630682271BC29885005D7BC8 /* Alamofire+XMLRPC.swift */ = {isa = PBXFileReference; fileEncoding = 4; lastKnownFileType = sourcecode.swift; path = "Alamofire+XMLRPC.swift"; sourceTree = "<group>"; };
		6974086A869525ECB87A79F5 /* Pods_AlamofireXMLRPCTests.framework */ = {isa = PBXFileReference; explicitFileType = wrapper.framework; includeInIndex = 0; path = Pods_AlamofireXMLRPCTests.framework; sourceTree = BUILT_PRODUCTS_DIR; };
		832277C84E058678264DE9C8 /* Pods-AlamofireXMLRPCTests.debug.xcconfig */ = {isa = PBXFileReference; includeInIndex = 1; lastKnownFileType = text.xcconfig; name = "Pods-AlamofireXMLRPCTests.debug.xcconfig"; path = "Pods/Target Support Files/Pods-AlamofireXMLRPCTests/Pods-AlamofireXMLRPCTests.debug.xcconfig"; sourceTree = "<group>"; };
		8EB4BE68C4AC30489CCE89F1 /* Pods_AlamofireXMLRPC.framework */ = {isa = PBXFileReference; explicitFileType = wrapper.framework; includeInIndex = 0; path = Pods_AlamofireXMLRPC.framework; sourceTree = BUILT_PRODUCTS_DIR; };
/* End PBXFileReference section */

/* Begin PBXFrameworksBuildPhase section */
		3FF3D5491BC81FA300599A37 /* Frameworks */ = {
			isa = PBXFrameworksBuildPhase;
			buildActionMask = 2147483647;
			files = (
				3FF3D5511BC81FA300599A37 /* AlamofireXMLRPC.framework in Frameworks */,
				843298410B716B62E25F1B7A /* Pods_AlamofireXMLRPCTests.framework in Frameworks */,
			);
			runOnlyForDeploymentPostprocessing = 0;
		};
		630682181BC27C28005D7BC8 /* Frameworks */ = {
			isa = PBXFrameworksBuildPhase;
			buildActionMask = 2147483647;
			files = (
				67CF01F64E5D22FCBF7DE484 /* Pods_AlamofireXMLRPC.framework in Frameworks */,
			);
			runOnlyForDeploymentPostprocessing = 0;
		};
/* End PBXFrameworksBuildPhase section */

/* Begin PBXGroup section */
		3FF3D54D1BC81FA300599A37 /* AlamofireXMLRPCTests */ = {
			isa = PBXGroup;
			children = (
				3FF3D54E1BC81FA300599A37 /* AlamofireXMLRPCTests.swift */,
				3FF3D5501BC81FA300599A37 /* Info.plist */,
				3F93F38F1D61DA92002B4D50 /* ResponseSerializerTests.swift */,
				3F93F39F1D623BFE002B4D50 /* XMLRPCCallTests.swift */,
				3F93F3991D62103F002B4D50 /* testStructParam.xml */,
				3F93F39B1D621163002B4D50 /* testArrayParam.xml */,
				3F93F3971D620B50002B4D50 /* testParams.xml */,
				3F93F3911D61DACE002B4D50 /* testFault.xml */,
				3F93F3951D620A47002B4D50 /* testFaultStruct.xml */,
				3F93F3A11D623C7B002B4D50 /* call.xml */,
			);
			name = AlamofireXMLRPCTests;
			path = Tests;
			sourceTree = "<group>";
		};
		630682121BC27C28005D7BC8 = {
			isa = PBXGroup;
			children = (
				3F93F3A31D624780002B4D50 /* .travis.yml */,
				6306821E1BC27C28005D7BC8 /* AlamofireXMLRPC */,
				3FF3D54D1BC81FA300599A37 /* AlamofireXMLRPCTests */,
				6306821D1BC27C28005D7BC8 /* Products */,
				EB695486185E3E32D83E0F0D /* Pods */,
				F296BF02E35720E5C1B86BE0 /* Frameworks */,
			);
			sourceTree = "<group>";
		};
		6306821D1BC27C28005D7BC8 /* Products */ = {
			isa = PBXGroup;
			children = (
				6306821C1BC27C28005D7BC8 /* AlamofireXMLRPC.framework */,
				3FF3D54C1BC81FA300599A37 /* AlamofireXMLRPCTests.xctest */,
			);
			name = Products;
			sourceTree = "<group>";
		};
		6306821E1BC27C28005D7BC8 /* AlamofireXMLRPC */ = {
			isa = PBXGroup;
			children = (
				3F1780281BC6D8AC00DFDB76 /* Value.swift */,
				3F17802A1BC6DC0100DFDB76 /* AEXML+RPC.swift */,
				3F93F39D1D62288D002B4D50 /* XMLRPCNode.swift */,
				3F17802C1BC7008B00DFDB76 /* Alamofire+XML.swift */,
				630682271BC29885005D7BC8 /* Alamofire+XMLRPC.swift */,
				3F93F38D1D61BE74002B4D50 /* XMLRPCError.swift */,
				6306821F1BC27C28005D7BC8 /* AlamofireXMLRPC.h */,
				630682211BC27C28005D7BC8 /* Info.plist */,
			);
			name = AlamofireXMLRPC;
			path = Sources;
			sourceTree = "<group>";
		};
		EB695486185E3E32D83E0F0D /* Pods */ = {
			isa = PBXGroup;
			children = (
				5E513F774BDB1750A705D36C /* Pods-AlamofireXMLRPC.debug.xcconfig */,
				41FE5237411009B80BB9127F /* Pods-AlamofireXMLRPC.release.xcconfig */,
				832277C84E058678264DE9C8 /* Pods-AlamofireXMLRPCTests.debug.xcconfig */,
				03490A74537FFB87195A71A1 /* Pods-AlamofireXMLRPCTests.release.xcconfig */,
			);
			name = Pods;
			sourceTree = "<group>";
		};
		F296BF02E35720E5C1B86BE0 /* Frameworks */ = {
			isa = PBXGroup;
			children = (
				8EB4BE68C4AC30489CCE89F1 /* Pods_AlamofireXMLRPC.framework */,
				6974086A869525ECB87A79F5 /* Pods_AlamofireXMLRPCTests.framework */,
			);
			name = Frameworks;
			sourceTree = "<group>";
		};
/* End PBXGroup section */

/* Begin PBXHeadersBuildPhase section */
		630682191BC27C28005D7BC8 /* Headers */ = {
			isa = PBXHeadersBuildPhase;
			buildActionMask = 2147483647;
			files = (
				630682201BC27C28005D7BC8 /* AlamofireXMLRPC.h in Headers */,
			);
			runOnlyForDeploymentPostprocessing = 0;
		};
/* End PBXHeadersBuildPhase section */

/* Begin PBXNativeTarget section */
		3FF3D54B1BC81FA300599A37 /* AlamofireXMLRPCTests */ = {
			isa = PBXNativeTarget;
			buildConfigurationList = 3FF3D5561BC81FA300599A37 /* Build configuration list for PBXNativeTarget "AlamofireXMLRPCTests" */;
			buildPhases = (
				6CA247A782517A74BCA704F8 /* [CP] Check Pods Manifest.lock */,
				517F746CE78592A28B284F7E /* [CP] Check Pods Manifest.lock */,
				3FF3D5481BC81FA300599A37 /* Sources */,
				3FF3D5491BC81FA300599A37 /* Frameworks */,
				3FF3D54A1BC81FA300599A37 /* Resources */,
				B18820CD7B471CF827C3BA85 /* [CP] Embed Pods Frameworks */,
				2CC40BFF3DACD5E9A7FB454A /* [CP] Copy Pods Resources */,
				C1136534A220DFE07A06F712 /* 📦 Embed Pods Frameworks */,
				67A7C5B4D5E575DF31762086 /* 📦 Copy Pods Resources */,
			);
			buildRules = (
			);
			dependencies = (
				3FF3D5531BC81FA300599A37 /* PBXTargetDependency */,
			);
			name = AlamofireXMLRPCTests;
			productName = AlamofireXMLRPCTests;
			productReference = 3FF3D54C1BC81FA300599A37 /* AlamofireXMLRPCTests.xctest */;
			productType = "com.apple.product-type.bundle.unit-test";
		};
		6306821B1BC27C28005D7BC8 /* AlamofireXMLRPC */ = {
			isa = PBXNativeTarget;
			buildConfigurationList = 630682241BC27C28005D7BC8 /* Build configuration list for PBXNativeTarget "AlamofireXMLRPC" */;
			buildPhases = (
				D39708A2023AE99D7BA87E8E /* [CP] Check Pods Manifest.lock */,
				630682171BC27C28005D7BC8 /* Sources */,
				630682181BC27C28005D7BC8 /* Frameworks */,
				630682191BC27C28005D7BC8 /* Headers */,
				6306821A1BC27C28005D7BC8 /* Resources */,
				0867861AC877D18466B63B35 /* [CP] Copy Pods Resources */,
			);
			buildRules = (
			);
			dependencies = (
			);
			name = AlamofireXMLRPC;
			productName = AlamofireXMLRPC;
			productReference = 6306821C1BC27C28005D7BC8 /* AlamofireXMLRPC.framework */;
			productType = "com.apple.product-type.framework";
		};
/* End PBXNativeTarget section */

/* Begin PBXProject section */
		630682131BC27C28005D7BC8 /* Project object */ = {
			isa = PBXProject;
			attributes = {
				LastSwiftUpdateCheck = 0700;
				LastUpgradeCheck = 0900;
				ORGANIZATIONNAME = kodlian;
				TargetAttributes = {
					3FF3D54B1BC81FA300599A37 = {
						CreatedOnToolsVersion = 7.0;
						LastSwiftMigration = 0900;
					};
					6306821B1BC27C28005D7BC8 = {
						CreatedOnToolsVersion = 7.0.1;
						LastSwiftMigration = 0900;
					};
				};
			};
			buildConfigurationList = 630682161BC27C28005D7BC8 /* Build configuration list for PBXProject "AlamofireXMLRPC" */;
			compatibilityVersion = "Xcode 3.2";
			developmentRegion = English;
			hasScannedForEncodings = 0;
			knownRegions = (
				en,
			);
			mainGroup = 630682121BC27C28005D7BC8;
			productRefGroup = 6306821D1BC27C28005D7BC8 /* Products */;
			projectDirPath = "";
			projectRoot = "";
			targets = (
				6306821B1BC27C28005D7BC8 /* AlamofireXMLRPC */,
				3FF3D54B1BC81FA300599A37 /* AlamofireXMLRPCTests */,
			);
		};
/* End PBXProject section */

/* Begin PBXResourcesBuildPhase section */
		3FF3D54A1BC81FA300599A37 /* Resources */ = {
			isa = PBXResourcesBuildPhase;
			buildActionMask = 2147483647;
			files = (
				3F93F3981D620B50002B4D50 /* testParams.xml in Resources */,
				3F93F39A1D62103F002B4D50 /* testStructParam.xml in Resources */,
				3F93F3921D61DACE002B4D50 /* testFault.xml in Resources */,
				3F93F3A21D623C7B002B4D50 /* call.xml in Resources */,
				3F93F3961D620A47002B4D50 /* testFaultStruct.xml in Resources */,
				3F93F3A41D624780002B4D50 /* .travis.yml in Resources */,
				3F93F39C1D621163002B4D50 /* testArrayParam.xml in Resources */,
			);
			runOnlyForDeploymentPostprocessing = 0;
		};
		6306821A1BC27C28005D7BC8 /* Resources */ = {
			isa = PBXResourcesBuildPhase;
			buildActionMask = 2147483647;
			files = (
			);
			runOnlyForDeploymentPostprocessing = 0;
		};
/* End PBXResourcesBuildPhase section */

/* Begin PBXShellScriptBuildPhase section */
		0867861AC877D18466B63B35 /* [CP] Copy Pods Resources */ = {
			isa = PBXShellScriptBuildPhase;
			buildActionMask = 2147483647;
			files = (
			);
			inputPaths = (
			);
			name = "[CP] Copy Pods Resources";
			outputPaths = (
			);
			runOnlyForDeploymentPostprocessing = 0;
			shellPath = /bin/sh;
			shellScript = "\"${SRCROOT}/Pods/Target Support Files/Pods-AlamofireXMLRPC/Pods-AlamofireXMLRPC-resources.sh\"\n";
			showEnvVarsInLog = 0;
		};
		2CC40BFF3DACD5E9A7FB454A /* [CP] Copy Pods Resources */ = {
			isa = PBXShellScriptBuildPhase;
			buildActionMask = 2147483647;
			files = (
			);
			inputPaths = (
			);
			name = "[CP] Copy Pods Resources";
			outputPaths = (
			);
			runOnlyForDeploymentPostprocessing = 0;
			shellPath = /bin/sh;
			shellScript = "\"${SRCROOT}/Pods/Target Support Files/Pods-AlamofireXMLRPCTests/Pods-AlamofireXMLRPCTests-resources.sh\"\n";
			showEnvVarsInLog = 0;
		};
		517F746CE78592A28B284F7E /* [CP] Check Pods Manifest.lock */ = {
			isa = PBXShellScriptBuildPhase;
			buildActionMask = 2147483647;
			files = (
			);
			inputPaths = (
			);
			name = "[CP] Check Pods Manifest.lock";
			outputPaths = (
			);
			runOnlyForDeploymentPostprocessing = 0;
			shellPath = /bin/sh;
			shellScript = "diff \"${PODS_ROOT}/../Podfile.lock\" \"${PODS_ROOT}/Manifest.lock\" > /dev/null\nif [ $? != 0 ] ; then\n    # print error to STDERR\n    echo \"error: The sandbox is not in sync with the Podfile.lock. Run 'pod install' or update your CocoaPods installation.\" >&2\n    exit 1\nfi\n";
			showEnvVarsInLog = 0;
		};
		67A7C5B4D5E575DF31762086 /* 📦 Copy Pods Resources */ = {
			isa = PBXShellScriptBuildPhase;
			buildActionMask = 2147483647;
			files = (
			);
			inputPaths = (
			);
			name = "📦 Copy Pods Resources";
			outputPaths = (
			);
			runOnlyForDeploymentPostprocessing = 0;
			shellPath = /bin/sh;
			shellScript = "\"${SRCROOT}/Pods/Target Support Files/Pods-AlamofireXMLRPCTests/Pods-AlamofireXMLRPCTests-resources.sh\"\n";
			showEnvVarsInLog = 0;
		};
		6CA247A782517A74BCA704F8 /* [CP] Check Pods Manifest.lock */ = {
			isa = PBXShellScriptBuildPhase;
			buildActionMask = 2147483647;
			files = (
			);
			inputPaths = (
				"${PODS_PODFILE_DIR_PATH}/Podfile.lock",
				"${PODS_ROOT}/Manifest.lock",
			);
			name = "[CP] Check Pods Manifest.lock";
			outputPaths = (
				"$(DERIVED_FILE_DIR)/Pods-AlamofireXMLRPCTests-checkManifestLockResult.txt",
			);
			runOnlyForDeploymentPostprocessing = 0;
			shellPath = /bin/sh;
			shellScript = "diff \"${PODS_PODFILE_DIR_PATH}/Podfile.lock\" \"${PODS_ROOT}/Manifest.lock\" > /dev/null\nif [ $? != 0 ] ; then\n    # print error to STDERR\n    echo \"error: The sandbox is not in sync with the Podfile.lock. Run 'pod install' or update your CocoaPods installation.\" >&2\n    exit 1\nfi\n# This output is used by Xcode 'outputs' to avoid re-running this script phase.\necho \"SUCCESS\" > \"${SCRIPT_OUTPUT_FILE_0}\"\n";
			showEnvVarsInLog = 0;
		};
		B18820CD7B471CF827C3BA85 /* [CP] Embed Pods Frameworks */ = {
			isa = PBXShellScriptBuildPhase;
			buildActionMask = 2147483647;
			files = (
			);
			inputPaths = (
				"${SRCROOT}/Pods/Target Support Files/Pods-AlamofireXMLRPCTests/Pods-AlamofireXMLRPCTests-frameworks.sh",
				"${BUILT_PRODUCTS_DIR}/AEXML/AEXML.framework",
				"${BUILT_PRODUCTS_DIR}/Alamofire/Alamofire.framework",
			);
			name = "[CP] Embed Pods Frameworks";
			outputPaths = (
				"${TARGET_BUILD_DIR}/${FRAMEWORKS_FOLDER_PATH}/AEXML.framework",
				"${TARGET_BUILD_DIR}/${FRAMEWORKS_FOLDER_PATH}/Alamofire.framework",
			);
			runOnlyForDeploymentPostprocessing = 0;
			shellPath = /bin/sh;
			shellScript = "\"${SRCROOT}/Pods/Target Support Files/Pods-AlamofireXMLRPCTests/Pods-AlamofireXMLRPCTests-frameworks.sh\"\n";
			showEnvVarsInLog = 0;
		};
		C1136534A220DFE07A06F712 /* 📦 Embed Pods Frameworks */ = {
			isa = PBXShellScriptBuildPhase;
			buildActionMask = 2147483647;
			files = (
			);
			inputPaths = (
			);
			name = "📦 Embed Pods Frameworks";
			outputPaths = (
			);
			runOnlyForDeploymentPostprocessing = 0;
			shellPath = /bin/sh;
			shellScript = "\"${SRCROOT}/Pods/Target Support Files/Pods-AlamofireXMLRPCTests/Pods-AlamofireXMLRPCTests-frameworks.sh\"\n";
			showEnvVarsInLog = 0;
		};
		D39708A2023AE99D7BA87E8E /* [CP] Check Pods Manifest.lock */ = {
			isa = PBXShellScriptBuildPhase;
			buildActionMask = 2147483647;
			files = (
			);
			inputPaths = (
				"${PODS_PODFILE_DIR_PATH}/Podfile.lock",
				"${PODS_ROOT}/Manifest.lock",
			);
			name = "[CP] Check Pods Manifest.lock";
			outputPaths = (
				"$(DERIVED_FILE_DIR)/Pods-AlamofireXMLRPC-checkManifestLockResult.txt",
			);
			runOnlyForDeploymentPostprocessing = 0;
			shellPath = /bin/sh;
			shellScript = "diff \"${PODS_PODFILE_DIR_PATH}/Podfile.lock\" \"${PODS_ROOT}/Manifest.lock\" > /dev/null\nif [ $? != 0 ] ; then\n    # print error to STDERR\n    echo \"error: The sandbox is not in sync with the Podfile.lock. Run 'pod install' or update your CocoaPods installation.\" >&2\n    exit 1\nfi\n# This output is used by Xcode 'outputs' to avoid re-running this script phase.\necho \"SUCCESS\" > \"${SCRIPT_OUTPUT_FILE_0}\"\n";
			showEnvVarsInLog = 0;
		};
/* End PBXShellScriptBuildPhase section */

/* Begin PBXSourcesBuildPhase section */
		3FF3D5481BC81FA300599A37 /* Sources */ = {
			isa = PBXSourcesBuildPhase;
			buildActionMask = 2147483647;
			files = (
				3F93F3A01D623BFE002B4D50 /* XMLRPCCallTests.swift in Sources */,
				3FF3D54F1BC81FA300599A37 /* AlamofireXMLRPCTests.swift in Sources */,
				3F93F3901D61DA92002B4D50 /* ResponseSerializerTests.swift in Sources */,
			);
			runOnlyForDeploymentPostprocessing = 0;
		};
		630682171BC27C28005D7BC8 /* Sources */ = {
			isa = PBXSourcesBuildPhase;
			buildActionMask = 2147483647;
			files = (
				3F93F38E1D61BE74002B4D50 /* XMLRPCError.swift in Sources */,
				3F17802B1BC6DC0100DFDB76 /* AEXML+RPC.swift in Sources */,
				3FE18B6F1D8DB4410054AD1A /* Alamofire+XMLRPC.swift in Sources */,
				3FE18B6E1D8DB2110054AD1A /* Alamofire+XML.swift in Sources */,
				3F1780291BC6D8AC00DFDB76 /* Value.swift in Sources */,
				3F93F39E1D62288D002B4D50 /* XMLRPCNode.swift in Sources */,
			);
			runOnlyForDeploymentPostprocessing = 0;
		};
/* End PBXSourcesBuildPhase section */

/* Begin PBXTargetDependency section */
		3FF3D5531BC81FA300599A37 /* PBXTargetDependency */ = {
			isa = PBXTargetDependency;
			target = 6306821B1BC27C28005D7BC8 /* AlamofireXMLRPC */;
			targetProxy = 3FF3D5521BC81FA300599A37 /* PBXContainerItemProxy */;
		};
/* End PBXTargetDependency section */

/* Begin XCBuildConfiguration section */
		3FF3D5541BC81FA300599A37 /* Debug */ = {
			isa = XCBuildConfiguration;
			baseConfigurationReference = 832277C84E058678264DE9C8 /* Pods-AlamofireXMLRPCTests.debug.xcconfig */;
			buildSettings = {
				ALWAYS_EMBED_SWIFT_STANDARD_LIBRARIES = YES;
				COMBINE_HIDPI_IMAGES = YES;
				INFOPLIST_FILE = AlamofireXMLRPCTests/Info.plist;
				LD_RUNPATH_SEARCH_PATHS = "$(inherited) @executable_path/../Frameworks @loader_path/../Frameworks";
				MACOSX_DEPLOYMENT_TARGET = 10.11;
				PRODUCT_BUNDLE_IDENTIFIER = com.kodlian.AlamofireXMLRPCTests;
				PRODUCT_NAME = "$(TARGET_NAME)";
				SWIFT_SWIFT3_OBJC_INFERENCE = On;
				SWIFT_VERSION = 4.0;
			};
			name = Debug;
		};
		3FF3D5551BC81FA300599A37 /* Release */ = {
			isa = XCBuildConfiguration;
			baseConfigurationReference = 03490A74537FFB87195A71A1 /* Pods-AlamofireXMLRPCTests.release.xcconfig */;
			buildSettings = {
				ALWAYS_EMBED_SWIFT_STANDARD_LIBRARIES = YES;
				COMBINE_HIDPI_IMAGES = YES;
				INFOPLIST_FILE = AlamofireXMLRPCTests/Info.plist;
				LD_RUNPATH_SEARCH_PATHS = "$(inherited) @executable_path/../Frameworks @loader_path/../Frameworks";
				MACOSX_DEPLOYMENT_TARGET = 10.11;
				PRODUCT_BUNDLE_IDENTIFIER = com.kodlian.AlamofireXMLRPCTests;
				PRODUCT_NAME = "$(TARGET_NAME)";
				SWIFT_SWIFT3_OBJC_INFERENCE = On;
				SWIFT_VERSION = 4.0;
			};
			name = Release;
		};
		630682221BC27C28005D7BC8 /* Debug */ = {
			isa = XCBuildConfiguration;
			buildSettings = {
				ALWAYS_EMBED_SWIFT_STANDARD_LIBRARIES = YES;
				ALWAYS_SEARCH_USER_PATHS = NO;
				CLANG_CXX_LANGUAGE_STANDARD = "gnu++0x";
				CLANG_CXX_LIBRARY = "libc++";
				CLANG_ENABLE_MODULES = YES;
				CLANG_ENABLE_OBJC_ARC = YES;
				CLANG_WARN_BLOCK_CAPTURE_AUTORELEASING = YES;
				CLANG_WARN_BOOL_CONVERSION = YES;
				CLANG_WARN_COMMA = YES;
				CLANG_WARN_CONSTANT_CONVERSION = YES;
				CLANG_WARN_DIRECT_OBJC_ISA_USAGE = YES_ERROR;
				CLANG_WARN_EMPTY_BODY = YES;
				CLANG_WARN_ENUM_CONVERSION = YES;
				CLANG_WARN_INFINITE_RECURSION = YES;
				CLANG_WARN_INT_CONVERSION = YES;
				CLANG_WARN_NON_LITERAL_NULL_CONVERSION = YES;
				CLANG_WARN_OBJC_LITERAL_CONVERSION = YES;
				CLANG_WARN_OBJC_ROOT_CLASS = YES_ERROR;
				CLANG_WARN_RANGE_LOOP_ANALYSIS = YES;
				CLANG_WARN_STRICT_PROTOTYPES = YES;
				CLANG_WARN_SUSPICIOUS_MOVE = YES;
				CLANG_WARN_UNREACHABLE_CODE = YES;
				CLANG_WARN__DUPLICATE_METHOD_MATCH = YES;
				COPY_PHASE_STRIP = NO;
				CURRENT_PROJECT_VERSION = 1;
				DEBUG_INFORMATION_FORMAT = dwarf;
				ENABLE_STRICT_OBJC_MSGSEND = YES;
				ENABLE_TESTABILITY = YES;
				GCC_C_LANGUAGE_STANDARD = gnu99;
				GCC_DYNAMIC_NO_PIC = NO;
				GCC_NO_COMMON_BLOCKS = YES;
				GCC_OPTIMIZATION_LEVEL = 0;
				GCC_PREPROCESSOR_DEFINITIONS = (
					"DEBUG=1",
					"$(inherited)",
				);
				GCC_WARN_64_TO_32_BIT_CONVERSION = YES;
				GCC_WARN_ABOUT_RETURN_TYPE = YES_ERROR;
				GCC_WARN_UNDECLARED_SELECTOR = YES;
				GCC_WARN_UNINITIALIZED_AUTOS = YES_AGGRESSIVE;
				GCC_WARN_UNUSED_FUNCTION = YES;
				GCC_WARN_UNUSED_VARIABLE = YES;
				IPHONEOS_DEPLOYMENT_TARGET = 9.0;
				MACOSX_DEPLOYMENT_TARGET = 10.11;
				MTL_ENABLE_DEBUG_INFO = YES;
				ONLY_ACTIVE_ARCH = YES;
				SDKROOT = macosx;
				SWIFT_OPTIMIZATION_LEVEL = "-Onone";
				SWIFT_VERSION = 4.0;
				TVOS_DEPLOYMENT_TARGET = 9.0;
				VERSIONING_SYSTEM = "apple-generic";
				VERSION_INFO_PREFIX = "";
			};
			name = Debug;
		};
		630682231BC27C28005D7BC8 /* Release */ = {
			isa = XCBuildConfiguration;
			buildSettings = {
				ALWAYS_EMBED_SWIFT_STANDARD_LIBRARIES = YES;
				ALWAYS_SEARCH_USER_PATHS = NO;
				CLANG_CXX_LANGUAGE_STANDARD = "gnu++0x";
				CLANG_CXX_LIBRARY = "libc++";
				CLANG_ENABLE_MODULES = YES;
				CLANG_ENABLE_OBJC_ARC = YES;
				CLANG_WARN_BLOCK_CAPTURE_AUTORELEASING = YES;
				CLANG_WARN_BOOL_CONVERSION = YES;
				CLANG_WARN_COMMA = YES;
				CLANG_WARN_CONSTANT_CONVERSION = YES;
				CLANG_WARN_DIRECT_OBJC_ISA_USAGE = YES_ERROR;
				CLANG_WARN_EMPTY_BODY = YES;
				CLANG_WARN_ENUM_CONVERSION = YES;
				CLANG_WARN_INFINITE_RECURSION = YES;
				CLANG_WARN_INT_CONVERSION = YES;
				CLANG_WARN_NON_LITERAL_NULL_CONVERSION = YES;
				CLANG_WARN_OBJC_LITERAL_CONVERSION = YES;
				CLANG_WARN_OBJC_ROOT_CLASS = YES_ERROR;
				CLANG_WARN_RANGE_LOOP_ANALYSIS = YES;
				CLANG_WARN_STRICT_PROTOTYPES = YES;
				CLANG_WARN_SUSPICIOUS_MOVE = YES;
				CLANG_WARN_UNREACHABLE_CODE = YES;
				CLANG_WARN__DUPLICATE_METHOD_MATCH = YES;
				COPY_PHASE_STRIP = NO;
				CURRENT_PROJECT_VERSION = 1;
				DEBUG_INFORMATION_FORMAT = "dwarf-with-dsym";
				ENABLE_NS_ASSERTIONS = NO;
				ENABLE_STRICT_OBJC_MSGSEND = YES;
				GCC_C_LANGUAGE_STANDARD = gnu99;
				GCC_NO_COMMON_BLOCKS = YES;
				GCC_WARN_64_TO_32_BIT_CONVERSION = YES;
				GCC_WARN_ABOUT_RETURN_TYPE = YES_ERROR;
				GCC_WARN_UNDECLARED_SELECTOR = YES;
				GCC_WARN_UNINITIALIZED_AUTOS = YES_AGGRESSIVE;
				GCC_WARN_UNUSED_FUNCTION = YES;
				GCC_WARN_UNUSED_VARIABLE = YES;
				IPHONEOS_DEPLOYMENT_TARGET = 9.0;
				MACOSX_DEPLOYMENT_TARGET = 10.11;
				MTL_ENABLE_DEBUG_INFO = NO;
				SDKROOT = macosx;
				SWIFT_OPTIMIZATION_LEVEL = "-Owholemodule";
				SWIFT_VERSION = 4.0;
				TVOS_DEPLOYMENT_TARGET = 9.0;
				VERSIONING_SYSTEM = "apple-generic";
				VERSION_INFO_PREFIX = "";
			};
			name = Release;
		};
		630682251BC27C28005D7BC8 /* Debug */ = {
			isa = XCBuildConfiguration;
			baseConfigurationReference = 5E513F774BDB1750A705D36C /* Pods-AlamofireXMLRPC.debug.xcconfig */;
			buildSettings = {
				ALWAYS_EMBED_SWIFT_STANDARD_LIBRARIES = YES;
				CLANG_ENABLE_MODULES = YES;
				COMBINE_HIDPI_IMAGES = YES;
				DEFINES_MODULE = YES;
				DYLIB_COMPATIBILITY_VERSION = 1;
				DYLIB_CURRENT_VERSION = 1;
				DYLIB_INSTALL_NAME_BASE = "@rpath";
				FRAMEWORK_VERSION = A;
				INFOPLIST_FILE = AlamofireXMLRPC/Info.plist;
				IPHONEOS_DEPLOYMENT_TARGET = 9.0;
				LD_RUNPATH_SEARCH_PATHS = "$(inherited) @executable_path/../Frameworks @loader_path/Frameworks";
				ONLY_ACTIVE_ARCH = NO;
				PRODUCT_BUNDLE_IDENTIFIER = com.kodlian.AlamofireXMLRPC;
				PRODUCT_NAME = "$(TARGET_NAME)";
				SWIFT_OPTIMIZATION_LEVEL = "-Onone";
				SWIFT_SWIFT3_OBJC_INFERENCE = On;
				SWIFT_VERSION = 4.0;
				TVOS_DEPLOYMENT_TARGET = 9.0;
			};
			name = Debug;
		};
		630682261BC27C28005D7BC8 /* Release */ = {
			isa = XCBuildConfiguration;
			baseConfigurationReference = 41FE5237411009B80BB9127F /* Pods-AlamofireXMLRPC.release.xcconfig */;
			buildSettings = {
				ALWAYS_EMBED_SWIFT_STANDARD_LIBRARIES = YES;
				CLANG_ENABLE_MODULES = YES;
				COMBINE_HIDPI_IMAGES = YES;
				DEFINES_MODULE = YES;
				DYLIB_COMPATIBILITY_VERSION = 1;
				DYLIB_CURRENT_VERSION = 1;
				DYLIB_INSTALL_NAME_BASE = "@rpath";
				FRAMEWORK_VERSION = A;
				INFOPLIST_FILE = AlamofireXMLRPC/Info.plist;
				IPHONEOS_DEPLOYMENT_TARGET = 9.0;
				LD_RUNPATH_SEARCH_PATHS = "$(inherited) @executable_path/../Frameworks @loader_path/Frameworks";
				PRODUCT_BUNDLE_IDENTIFIER = com.kodlian.AlamofireXMLRPC;
				PRODUCT_NAME = "$(TARGET_NAME)";
				SWIFT_SWIFT3_OBJC_INFERENCE = On;
				SWIFT_VERSION = 4.0;
				TVOS_DEPLOYMENT_TARGET = 9.0;
			};
			name = Release;
		};
/* End XCBuildConfiguration section */

/* Begin XCConfigurationList section */
		3FF3D5561BC81FA300599A37 /* Build configuration list for PBXNativeTarget "AlamofireXMLRPCTests" */ = {
			isa = XCConfigurationList;
			buildConfigurations = (
				3FF3D5541BC81FA300599A37 /* Debug */,
				3FF3D5551BC81FA300599A37 /* Release */,
			);
			defaultConfigurationIsVisible = 0;
			defaultConfigurationName = Release;
		};
		630682161BC27C28005D7BC8 /* Build configuration list for PBXProject "AlamofireXMLRPC" */ = {
			isa = XCConfigurationList;
			buildConfigurations = (
				630682221BC27C28005D7BC8 /* Debug */,
				630682231BC27C28005D7BC8 /* Release */,
			);
			defaultConfigurationIsVisible = 0;
			defaultConfigurationName = Release;
		};
		630682241BC27C28005D7BC8 /* Build configuration list for PBXNativeTarget "AlamofireXMLRPC" */ = {
			isa = XCConfigurationList;
			buildConfigurations = (
				630682251BC27C28005D7BC8 /* Debug */,
				630682261BC27C28005D7BC8 /* Release */,
			);
			defaultConfigurationIsVisible = 0;
			defaultConfigurationName = Release;
		};
/* End XCConfigurationList section */
	};
	rootObject = 630682131BC27C28005D7BC8 /* Project object */;
}
